
Microsoft Visual Studio Solution File, Format Version 12.00
# Visual Studio Version 16
VisualStudioVersion = 16.0.30804.86
MinimumVisualStudioVersion = 10.0.40219.1
Project("{FAE04EC0-301F-11D3-BF4B-00C04F79EFBC}") = "Galeri", "Galeri\Galeri.csproj", "{BDD821FF-A7C9-493F-BFD7-AD9C6FB7672D}"
EndProject
Global
	GlobalSection(SolutionConfigurationPlatforms) = preSolution
		Debug|Any CPU = Debug|Any CPU
		Release|Any CPU = Release|Any CPU
	EndGlobalSection
	GlobalSection(ProjectConfigurationPlatforms) = postSolution
		{BDD821FF-A7C9-493F-BFD7-AD9C6FB7672D}.Debug|Any CPU.ActiveCfg = Debug|Any CPU
		{BDD821FF-A7C9-493F-BFD7-AD9C6FB7672D}.Debug|Any CPU.Build.0 = Debug|Any CPU
		{BDD821FF-A7C9-493F-BFD7-AD9C6FB7672D}.Release|Any CPU.ActiveCfg = Release|Any CPU
		{BDD821FF-A7C9-493F-BFD7-AD9C6FB7672D}.Release|Any CPU.Build.0 = Release|Any CPU
	EndGlobalSection
	GlobalSection(SolutionProperties) = preSolution
		HideSolutionNode = FALSE
	EndGlobalSection
	GlobalSection(ExtensibilityGlobals) = postSolution
		SolutionGuid = {02442F8E-85F6-4F3F-A3CE-A58C8058D2E5}
	EndGlobalSection
EndGlobal
